
Microsoft Visual Studio Solution File, Format Version 12.00
# Visual Studio Version 17
VisualStudioVersion = 17.14.36603.0 d17.14
MinimumVisualStudioVersion = 10.0.40219.1
Project("{FAE04EC0-301F-11D3-BF4B-00C04F79EFBC}") = "Garage 1.0", "Garage 1.0\Garage 1.0.csproj", "{C1254A35-D0BB-4AD0-A8CB-610C6E981118}"
EndProject
Project("{FAE04EC0-301F-11D3-BF4B-00C04F79EFBC}") = "Garage 1.0.Tests", "Garage 1.0.Tests\Garage 1.0.Tests.csproj", "{9EF41E96-F4F3-47AC-959A-02A04595B815}"
EndProject
Project("{FAE04EC0-301F-11D3-BF4B-00C04F79EFBC}") = "Garage 1.0.Helpers", "Garage 1.0.Helpers\Garage 1.0.Helpers.csproj", "{36A293BB-76C6-4B53-91DB-536DC5F23332}"
EndProject
Global
	GlobalSection(SolutionConfigurationPlatforms) = preSolution
		Debug|Any CPU = Debug|Any CPU
		Release|Any CPU = Release|Any CPU
	EndGlobalSection
	GlobalSection(ProjectConfigurationPlatforms) = postSolution
		{C1254A35-D0BB-4AD0-A8CB-610C6E981118}.Debug|Any CPU.ActiveCfg = Debug|Any CPU
		{C1254A35-D0BB-4AD0-A8CB-610C6E981118}.Debug|Any CPU.Build.0 = Debug|Any CPU
		{C1254A35-D0BB-4AD0-A8CB-610C6E981118}.Release|Any CPU.ActiveCfg = Release|Any CPU
		{C1254A35-D0BB-4AD0-A8CB-610C6E981118}.Release|Any CPU.Build.0 = Release|Any CPU
		{9EF41E96-F4F3-47AC-959A-02A04595B815}.Debug|Any CPU.ActiveCfg = Debug|Any CPU
		{9EF41E96-F4F3-47AC-959A-02A04595B815}.Debug|Any CPU.Build.0 = Debug|Any CPU
		{9EF41E96-F4F3-47AC-959A-02A04595B815}.Release|Any CPU.ActiveCfg = Release|Any CPU
		{9EF41E96-F4F3-47AC-959A-02A04595B815}.Release|Any CPU.Build.0 = Release|Any CPU
		{36A293BB-76C6-4B53-91DB-536DC5F23332}.Debug|Any CPU.ActiveCfg = Debug|Any CPU
		{36A293BB-76C6-4B53-91DB-536DC5F23332}.Debug|Any CPU.Build.0 = Debug|Any CPU
		{36A293BB-76C6-4B53-91DB-536DC5F23332}.Release|Any CPU.ActiveCfg = Release|Any CPU
		{36A293BB-76C6-4B53-91DB-536DC5F23332}.Release|Any CPU.Build.0 = Release|Any CPU
	EndGlobalSection
	GlobalSection(SolutionProperties) = preSolution
		HideSolutionNode = FALSE
	EndGlobalSection
	GlobalSection(ExtensibilityGlobals) = postSolution
		SolutionGuid = {9C9D9854-E47E-4F1A-B473-A991E54F58C6}
	EndGlobalSection
EndGlobal
